
Microsoft Visual Studio Solution File, Format Version 12.00
# Visual Studio Version 17
VisualStudioVersion = 17.0.31423.177
MinimumVisualStudioVersion = 10.0.40219.1
Project("{2150E333-8FDC-42A3-9474-1A3956D46DE8}") = "framework", "framework", "{F0E8FD29-2B11-4B2C-BB8E-042EDFF29CFB}"
EndProject
Project("{778DAE3C-4631-46EA-AA77-85C1314464D9}") = "vanilla.NET5", "vanilla\vanilla.NET5.vbproj", "{1B130584-637D-4630-8CE8-79978FBEF200}"
EndProject
Project("{778DAE3C-4631-46EA-AA77-85C1314464D9}") = "Core", "..\modules\Microsoft.VisualBasic.Core\src\Core.vbproj", "{6A0B9D56-DC85-468B-A973-5C1D222353A2}"
EndProject
Project("{778DAE3C-4631-46EA-AA77-85C1314464D9}") = "VisualStudio.NET5", "..\modules\vs_solutions\dev-kit\VisualStudio\VisualStudio.NET5.vbproj", "{6D75BA86-B307-403F-A76E-44FF65F55E85}"
EndProject
Project("{778DAE3C-4631-46EA-AA77-85C1314464D9}") = "WAT", "WAT\WAT.vbproj", "{60D1C50F-9B05-422E-8F70-FFC1AD4AD0D5}"
EndProject
Project("{778DAE3C-4631-46EA-AA77-85C1314464D9}") = "Roslyn", "Roslyn\Roslyn.vbproj", "{67EE0D0B-EE16-49A9-A77C-D19AD55D5159}"
EndProject
Global
	GlobalSection(SolutionConfigurationPlatforms) = preSolution
		Debug|Any CPU = Debug|Any CPU
		Debug|ARM32 = Debug|ARM32
		Debug|x64 = Debug|x64
		LipidSearch|Any CPU = LipidSearch|Any CPU
		LipidSearch|ARM32 = LipidSearch|ARM32
		LipidSearch|x64 = LipidSearch|x64
		mzkit|Any CPU = mzkit|Any CPU
		mzkit|ARM32 = mzkit|ARM32
		mzkit|x64 = mzkit|x64
		NPSearch|Any CPU = NPSearch|Any CPU
		NPSearch|ARM32 = NPSearch|ARM32
		NPSearch|x64 = NPSearch|x64
		PlantMAT|Any CPU = PlantMAT|Any CPU
		PlantMAT|ARM32 = PlantMAT|ARM32
		PlantMAT|x64 = PlantMAT|x64
		Release|Any CPU = Release|Any CPU
		Release|ARM32 = Release|ARM32
		Release|x64 = Release|x64
		Rsharp_app_release|Any CPU = Rsharp_app_release|Any CPU
		Rsharp_app_release|ARM32 = Rsharp_app_release|ARM32
		Rsharp_app_release|x64 = Rsharp_app_release|x64
	EndGlobalSection
	GlobalSection(ProjectConfigurationPlatforms) = postSolution
		{1B130584-637D-4630-8CE8-79978FBEF200}.Debug|Any CPU.ActiveCfg = Debug|Any CPU
		{1B130584-637D-4630-8CE8-79978FBEF200}.Debug|Any CPU.Build.0 = Debug|Any CPU
		{1B130584-637D-4630-8CE8-79978FBEF200}.Debug|ARM32.ActiveCfg = Debug|Any CPU
		{1B130584-637D-4630-8CE8-79978FBEF200}.Debug|ARM32.Build.0 = Debug|Any CPU
		{1B130584-637D-4630-8CE8-79978FBEF200}.Debug|x64.ActiveCfg = Debug|Any CPU
		{1B130584-637D-4630-8CE8-79978FBEF200}.Debug|x64.Build.0 = Debug|Any CPU
		{1B130584-637D-4630-8CE8-79978FBEF200}.LipidSearch|Any CPU.ActiveCfg = Debug|Any CPU
		{1B130584-637D-4630-8CE8-79978FBEF200}.LipidSearch|Any CPU.Build.0 = Debug|Any CPU
		{1B130584-637D-4630-8CE8-79978FBEF200}.LipidSearch|ARM32.ActiveCfg = Release|Any CPU
		{1B130584-637D-4630-8CE8-79978FBEF200}.LipidSearch|ARM32.Build.0 = Release|Any CPU
		{1B130584-637D-4630-8CE8-79978FBEF200}.LipidSearch|x64.ActiveCfg = Debug|Any CPU
		{1B130584-637D-4630-8CE8-79978FBEF200}.LipidSearch|x64.Build.0 = Debug|Any CPU
		{1B130584-637D-4630-8CE8-79978FBEF200}.mzkit|Any CPU.ActiveCfg = Debug|Any CPU
		{1B130584-637D-4630-8CE8-79978FBEF200}.mzkit|Any CPU.Build.0 = Debug|Any CPU
		{1B130584-637D-4630-8CE8-79978FBEF200}.mzkit|ARM32.ActiveCfg = Release|Any CPU
		{1B130584-637D-4630-8CE8-79978FBEF200}.mzkit|ARM32.Build.0 = Release|Any CPU
		{1B130584-637D-4630-8CE8-79978FBEF200}.mzkit|x64.ActiveCfg = Debug|Any CPU
		{1B130584-637D-4630-8CE8-79978FBEF200}.mzkit|x64.Build.0 = Debug|Any CPU
		{1B130584-637D-4630-8CE8-79978FBEF200}.NPSearch|Any CPU.ActiveCfg = Debug|Any CPU
		{1B130584-637D-4630-8CE8-79978FBEF200}.NPSearch|Any CPU.Build.0 = Debug|Any CPU
		{1B130584-637D-4630-8CE8-79978FBEF200}.NPSearch|ARM32.ActiveCfg = Release|Any CPU
		{1B130584-637D-4630-8CE8-79978FBEF200}.NPSearch|ARM32.Build.0 = Release|Any CPU
		{1B130584-637D-4630-8CE8-79978FBEF200}.NPSearch|x64.ActiveCfg = Debug|Any CPU
		{1B130584-637D-4630-8CE8-79978FBEF200}.NPSearch|x64.Build.0 = Debug|Any CPU
		{1B130584-637D-4630-8CE8-79978FBEF200}.PlantMAT|Any CPU.ActiveCfg = Debug|Any CPU
		{1B130584-637D-4630-8CE8-79978FBEF200}.PlantMAT|Any CPU.Build.0 = Debug|Any CPU
		{1B130584-637D-4630-8CE8-79978FBEF200}.PlantMAT|ARM32.ActiveCfg = Release|Any CPU
		{1B130584-637D-4630-8CE8-79978FBEF200}.PlantMAT|ARM32.Build.0 = Release|Any CPU
		{1B130584-637D-4630-8CE8-79978FBEF200}.PlantMAT|x64.ActiveCfg = Debug|Any CPU
		{1B130584-637D-4630-8CE8-79978FBEF200}.PlantMAT|x64.Build.0 = Debug|Any CPU
		{1B130584-637D-4630-8CE8-79978FBEF200}.Release|Any CPU.ActiveCfg = Release|Any CPU
		{1B130584-637D-4630-8CE8-79978FBEF200}.Release|Any CPU.Build.0 = Release|Any CPU
		{1B130584-637D-4630-8CE8-79978FBEF200}.Release|ARM32.ActiveCfg = Release|Any CPU
		{1B130584-637D-4630-8CE8-79978FBEF200}.Release|ARM32.Build.0 = Release|Any CPU
		{1B130584-637D-4630-8CE8-79978FBEF200}.Release|x64.ActiveCfg = Release|x64
		{1B130584-637D-4630-8CE8-79978FBEF200}.Release|x64.Build.0 = Release|x64
		{1B130584-637D-4630-8CE8-79978FBEF200}.Rsharp_app_release|Any CPU.ActiveCfg = Release|Any CPU
		{1B130584-637D-4630-8CE8-79978FBEF200}.Rsharp_app_release|Any CPU.Build.0 = Release|Any CPU
		{1B130584-637D-4630-8CE8-79978FBEF200}.Rsharp_app_release|ARM32.ActiveCfg = Release|Any CPU
		{1B130584-637D-4630-8CE8-79978FBEF200}.Rsharp_app_release|ARM32.Build.0 = Release|Any CPU
		{1B130584-637D-4630-8CE8-79978FBEF200}.Rsharp_app_release|x64.ActiveCfg = Release|Any CPU
		{1B130584-637D-4630-8CE8-79978FBEF200}.Rsharp_app_release|x64.Build.0 = Release|Any CPU
		{6A0B9D56-DC85-468B-A973-5C1D222353A2}.Debug|Any CPU.ActiveCfg = Debug|Any CPU
		{6A0B9D56-DC85-468B-A973-5C1D222353A2}.Debug|Any CPU.Build.0 = Debug|Any CPU
		{6A0B9D56-DC85-468B-A973-5C1D222353A2}.Debug|ARM32.ActiveCfg = Debug|Any CPU
		{6A0B9D56-DC85-468B-A973-5C1D222353A2}.Debug|ARM32.Build.0 = Debug|Any CPU
		{6A0B9D56-DC85-468B-A973-5C1D222353A2}.Debug|x64.ActiveCfg = Debug|x64
		{6A0B9D56-DC85-468B-A973-5C1D222353A2}.Debug|x64.Build.0 = Debug|x64
		{6A0B9D56-DC85-468B-A973-5C1D222353A2}.LipidSearch|Any CPU.ActiveCfg = LipidSearch|Any CPU
		{6A0B9D56-DC85-468B-A973-5C1D222353A2}.LipidSearch|Any CPU.Build.0 = LipidSearch|Any CPU
		{6A0B9D56-DC85-468B-A973-5C1D222353A2}.LipidSearch|ARM32.ActiveCfg = LipidSearch|Any CPU
		{6A0B9D56-DC85-468B-A973-5C1D222353A2}.LipidSearch|ARM32.Build.0 = LipidSearch|Any CPU
		{6A0B9D56-DC85-468B-A973-5C1D222353A2}.LipidSearch|x64.ActiveCfg = LipidSearch|x64
		{6A0B9D56-DC85-468B-A973-5C1D222353A2}.LipidSearch|x64.Build.0 = LipidSearch|x64
		{6A0B9D56-DC85-468B-A973-5C1D222353A2}.mzkit|Any CPU.ActiveCfg = mzkit|Any CPU
		{6A0B9D56-DC85-468B-A973-5C1D222353A2}.mzkit|Any CPU.Build.0 = mzkit|Any CPU
		{6A0B9D56-DC85-468B-A973-5C1D222353A2}.mzkit|ARM32.ActiveCfg = mzkit|Any CPU
		{6A0B9D56-DC85-468B-A973-5C1D222353A2}.mzkit|ARM32.Build.0 = mzkit|Any CPU
		{6A0B9D56-DC85-468B-A973-5C1D222353A2}.mzkit|x64.ActiveCfg = mzkit|x64
		{6A0B9D56-DC85-468B-A973-5C1D222353A2}.mzkit|x64.Build.0 = mzkit|x64
		{6A0B9D56-DC85-468B-A973-5C1D222353A2}.NPSearch|Any CPU.ActiveCfg = NPSearch|Any CPU
		{6A0B9D56-DC85-468B-A973-5C1D222353A2}.NPSearch|Any CPU.Build.0 = NPSearch|Any CPU
		{6A0B9D56-DC85-468B-A973-5C1D222353A2}.NPSearch|ARM32.ActiveCfg = NPSearch|Any CPU
		{6A0B9D56-DC85-468B-A973-5C1D222353A2}.NPSearch|ARM32.Build.0 = NPSearch|Any CPU
		{6A0B9D56-DC85-468B-A973-5C1D222353A2}.NPSearch|x64.ActiveCfg = NPSearch|x64
		{6A0B9D56-DC85-468B-A973-5C1D222353A2}.NPSearch|x64.Build.0 = NPSearch|x64
		{6A0B9D56-DC85-468B-A973-5C1D222353A2}.PlantMAT|Any CPU.ActiveCfg = PlantMAT|Any CPU
		{6A0B9D56-DC85-468B-A973-5C1D222353A2}.PlantMAT|Any CPU.Build.0 = PlantMAT|Any CPU
		{6A0B9D56-DC85-468B-A973-5C1D222353A2}.PlantMAT|ARM32.ActiveCfg = PlantMAT|Any CPU
		{6A0B9D56-DC85-468B-A973-5C1D222353A2}.PlantMAT|ARM32.Build.0 = PlantMAT|Any CPU
		{6A0B9D56-DC85-468B-A973-5C1D222353A2}.PlantMAT|x64.ActiveCfg = PlantMAT|x64
		{6A0B9D56-DC85-468B-A973-5C1D222353A2}.PlantMAT|x64.Build.0 = PlantMAT|x64
		{6A0B9D56-DC85-468B-A973-5C1D222353A2}.Release|Any CPU.ActiveCfg = Release|Any CPU
		{6A0B9D56-DC85-468B-A973-5C1D222353A2}.Release|Any CPU.Build.0 = Release|Any CPU
		{6A0B9D56-DC85-468B-A973-5C1D222353A2}.Release|ARM32.ActiveCfg = Release|Any CPU
		{6A0B9D56-DC85-468B-A973-5C1D222353A2}.Release|ARM32.Build.0 = Release|Any CPU
		{6A0B9D56-DC85-468B-A973-5C1D222353A2}.Release|x64.ActiveCfg = Release|x64
		{6A0B9D56-DC85-468B-A973-5C1D222353A2}.Release|x64.Build.0 = Release|x64
		{6A0B9D56-DC85-468B-A973-5C1D222353A2}.Rsharp_app_release|Any CPU.ActiveCfg = Rsharp_app_release|Any CPU
		{6A0B9D56-DC85-468B-A973-5C1D222353A2}.Rsharp_app_release|Any CPU.Build.0 = Rsharp_app_release|Any CPU
		{6A0B9D56-DC85-468B-A973-5C1D222353A2}.Rsharp_app_release|ARM32.ActiveCfg = Rsharp_app_release|Any CPU
		{6A0B9D56-DC85-468B-A973-5C1D222353A2}.Rsharp_app_release|ARM32.Build.0 = Rsharp_app_release|Any CPU
		{6A0B9D56-DC85-468B-A973-5C1D222353A2}.Rsharp_app_release|x64.ActiveCfg = Rsharp_app_release|x64
		{6A0B9D56-DC85-468B-A973-5C1D222353A2}.Rsharp_app_release|x64.Build.0 = Rsharp_app_release|x64
		{6D75BA86-B307-403F-A76E-44FF65F55E85}.Debug|Any CPU.ActiveCfg = Debug|Any CPU
		{6D75BA86-B307-403F-A76E-44FF65F55E85}.Debug|Any CPU.Build.0 = Debug|Any CPU
		{6D75BA86-B307-403F-A76E-44FF65F55E85}.Debug|ARM32.ActiveCfg = Debug|Any CPU
		{6D75BA86-B307-403F-A76E-44FF65F55E85}.Debug|ARM32.Build.0 = Debug|Any CPU
		{6D75BA86-B307-403F-A76E-44FF65F55E85}.Debug|x64.ActiveCfg = Debug|x64
		{6D75BA86-B307-403F-A76E-44FF65F55E85}.Debug|x64.Build.0 = Debug|x64
		{6D75BA86-B307-403F-A76E-44FF65F55E85}.LipidSearch|Any CPU.ActiveCfg = Debug|Any CPU
		{6D75BA86-B307-403F-A76E-44FF65F55E85}.LipidSearch|Any CPU.Build.0 = Debug|Any CPU
		{6D75BA86-B307-403F-A76E-44FF65F55E85}.LipidSearch|ARM32.ActiveCfg = Rsharp_app_release|Any CPU
		{6D75BA86-B307-403F-A76E-44FF65F55E85}.LipidSearch|ARM32.Build.0 = Rsharp_app_release|Any CPU
		{6D75BA86-B307-403F-A76E-44FF65F55E85}.LipidSearch|x64.ActiveCfg = Debug|x64
		{6D75BA86-B307-403F-A76E-44FF65F55E85}.LipidSearch|x64.Build.0 = Debug|x64
		{6D75BA86-B307-403F-A76E-44FF65F55E85}.mzkit|Any CPU.ActiveCfg = Debug|Any CPU
		{6D75BA86-B307-403F-A76E-44FF65F55E85}.mzkit|Any CPU.Build.0 = Debug|Any CPU
		{6D75BA86-B307-403F-A76E-44FF65F55E85}.mzkit|ARM32.ActiveCfg = Rsharp_app_release|Any CPU
		{6D75BA86-B307-403F-A76E-44FF65F55E85}.mzkit|ARM32.Build.0 = Rsharp_app_release|Any CPU
		{6D75BA86-B307-403F-A76E-44FF65F55E85}.mzkit|x64.ActiveCfg = Debug|x64
		{6D75BA86-B307-403F-A76E-44FF65F55E85}.mzkit|x64.Build.0 = Debug|x64
		{6D75BA86-B307-403F-A76E-44FF65F55E85}.NPSearch|Any CPU.ActiveCfg = Debug|Any CPU
		{6D75BA86-B307-403F-A76E-44FF65F55E85}.NPSearch|Any CPU.Build.0 = Debug|Any CPU
		{6D75BA86-B307-403F-A76E-44FF65F55E85}.NPSearch|ARM32.ActiveCfg = Rsharp_app_release|Any CPU
		{6D75BA86-B307-403F-A76E-44FF65F55E85}.NPSearch|ARM32.Build.0 = Rsharp_app_release|Any CPU
		{6D75BA86-B307-403F-A76E-44FF65F55E85}.NPSearch|x64.ActiveCfg = Debug|x64
		{6D75BA86-B307-403F-A76E-44FF65F55E85}.NPSearch|x64.Build.0 = Debug|x64
		{6D75BA86-B307-403F-A76E-44FF65F55E85}.PlantMAT|Any CPU.ActiveCfg = Debug|Any CPU
		{6D75BA86-B307-403F-A76E-44FF65F55E85}.PlantMAT|Any CPU.Build.0 = Debug|Any CPU
		{6D75BA86-B307-403F-A76E-44FF65F55E85}.PlantMAT|ARM32.ActiveCfg = Rsharp_app_release|Any CPU
		{6D75BA86-B307-403F-A76E-44FF65F55E85}.PlantMAT|ARM32.Build.0 = Rsharp_app_release|Any CPU
		{6D75BA86-B307-403F-A76E-44FF65F55E85}.PlantMAT|x64.ActiveCfg = Debug|x64
		{6D75BA86-B307-403F-A76E-44FF65F55E85}.PlantMAT|x64.Build.0 = Debug|x64
		{6D75BA86-B307-403F-A76E-44FF65F55E85}.Release|Any CPU.ActiveCfg = Release|Any CPU
		{6D75BA86-B307-403F-A76E-44FF65F55E85}.Release|Any CPU.Build.0 = Release|Any CPU
		{6D75BA86-B307-403F-A76E-44FF65F55E85}.Release|ARM32.ActiveCfg = Release|Any CPU
		{6D75BA86-B307-403F-A76E-44FF65F55E85}.Release|ARM32.Build.0 = Release|Any CPU
		{6D75BA86-B307-403F-A76E-44FF65F55E85}.Release|x64.ActiveCfg = Release|x64
		{6D75BA86-B307-403F-A76E-44FF65F55E85}.Release|x64.Build.0 = Release|x64
		{6D75BA86-B307-403F-A76E-44FF65F55E85}.Rsharp_app_release|Any CPU.ActiveCfg = Rsharp_app_release|Any CPU
		{6D75BA86-B307-403F-A76E-44FF65F55E85}.Rsharp_app_release|Any CPU.Build.0 = Rsharp_app_release|Any CPU
		{6D75BA86-B307-403F-A76E-44FF65F55E85}.Rsharp_app_release|ARM32.ActiveCfg = Rsharp_app_release|Any CPU
		{6D75BA86-B307-403F-A76E-44FF65F55E85}.Rsharp_app_release|ARM32.Build.0 = Rsharp_app_release|Any CPU
		{6D75BA86-B307-403F-A76E-44FF65F55E85}.Rsharp_app_release|x64.ActiveCfg = Rsharp_app_release|x64
		{6D75BA86-B307-403F-A76E-44FF65F55E85}.Rsharp_app_release|x64.Build.0 = Rsharp_app_release|x64
		{60D1C50F-9B05-422E-8F70-FFC1AD4AD0D5}.Debug|Any CPU.ActiveCfg = Debug|Any CPU
		{60D1C50F-9B05-422E-8F70-FFC1AD4AD0D5}.Debug|Any CPU.Build.0 = Debug|Any CPU
		{60D1C50F-9B05-422E-8F70-FFC1AD4AD0D5}.Debug|ARM32.ActiveCfg = Debug|Any CPU
		{60D1C50F-9B05-422E-8F70-FFC1AD4AD0D5}.Debug|ARM32.Build.0 = Debug|Any CPU
		{60D1C50F-9B05-422E-8F70-FFC1AD4AD0D5}.Debug|x64.ActiveCfg = Debug|x64
		{60D1C50F-9B05-422E-8F70-FFC1AD4AD0D5}.Debug|x64.Build.0 = Debug|x64
		{60D1C50F-9B05-422E-8F70-FFC1AD4AD0D5}.LipidSearch|Any CPU.ActiveCfg = Debug|Any CPU
		{60D1C50F-9B05-422E-8F70-FFC1AD4AD0D5}.LipidSearch|Any CPU.Build.0 = Debug|Any CPU
		{60D1C50F-9B05-422E-8F70-FFC1AD4AD0D5}.LipidSearch|ARM32.ActiveCfg = Release|Any CPU
		{60D1C50F-9B05-422E-8F70-FFC1AD4AD0D5}.LipidSearch|ARM32.Build.0 = Release|Any CPU
		{60D1C50F-9B05-422E-8F70-FFC1AD4AD0D5}.LipidSearch|x64.ActiveCfg = Debug|x64
		{60D1C50F-9B05-422E-8F70-FFC1AD4AD0D5}.LipidSearch|x64.Build.0 = Debug|x64
		{60D1C50F-9B05-422E-8F70-FFC1AD4AD0D5}.mzkit|Any CPU.ActiveCfg = Debug|Any CPU
		{60D1C50F-9B05-422E-8F70-FFC1AD4AD0D5}.mzkit|Any CPU.Build.0 = Debug|Any CPU
		{60D1C50F-9B05-422E-8F70-FFC1AD4AD0D5}.mzkit|ARM32.ActiveCfg = Release|Any CPU
		{60D1C50F-9B05-422E-8F70-FFC1AD4AD0D5}.mzkit|ARM32.Build.0 = Release|Any CPU
		{60D1C50F-9B05-422E-8F70-FFC1AD4AD0D5}.mzkit|x64.ActiveCfg = Debug|x64
		{60D1C50F-9B05-422E-8F70-FFC1AD4AD0D5}.mzkit|x64.Build.0 = Debug|x64
		{60D1C50F-9B05-422E-8F70-FFC1AD4AD0D5}.NPSearch|Any CPU.ActiveCfg = Debug|Any CPU
		{60D1C50F-9B05-422E-8F70-FFC1AD4AD0D5}.NPSearch|Any CPU.Build.0 = Debug|Any CPU
		{60D1C50F-9B05-422E-8F70-FFC1AD4AD0D5}.NPSearch|ARM32.ActiveCfg = Release|Any CPU
		{60D1C50F-9B05-422E-8F70-FFC1AD4AD0D5}.NPSearch|ARM32.Build.0 = Release|Any CPU
		{60D1C50F-9B05-422E-8F70-FFC1AD4AD0D5}.NPSearch|x64.ActiveCfg = Debug|x64
		{60D1C50F-9B05-422E-8F70-FFC1AD4AD0D5}.NPSearch|x64.Build.0 = Debug|x64
		{60D1C50F-9B05-422E-8F70-FFC1AD4AD0D5}.PlantMAT|Any CPU.ActiveCfg = Debug|Any CPU
		{60D1C50F-9B05-422E-8F70-FFC1AD4AD0D5}.PlantMAT|Any CPU.Build.0 = Debug|Any CPU
		{60D1C50F-9B05-422E-8F70-FFC1AD4AD0D5}.PlantMAT|ARM32.ActiveCfg = Release|Any CPU
		{60D1C50F-9B05-422E-8F70-FFC1AD4AD0D5}.PlantMAT|ARM32.Build.0 = Release|Any CPU
		{60D1C50F-9B05-422E-8F70-FFC1AD4AD0D5}.PlantMAT|x64.ActiveCfg = Debug|x64
		{60D1C50F-9B05-422E-8F70-FFC1AD4AD0D5}.PlantMAT|x64.Build.0 = Debug|x64
		{60D1C50F-9B05-422E-8F70-FFC1AD4AD0D5}.Release|Any CPU.ActiveCfg = Release|Any CPU
		{60D1C50F-9B05-422E-8F70-FFC1AD4AD0D5}.Release|Any CPU.Build.0 = Release|Any CPU
		{60D1C50F-9B05-422E-8F70-FFC1AD4AD0D5}.Release|ARM32.ActiveCfg = Release|Any CPU
		{60D1C50F-9B05-422E-8F70-FFC1AD4AD0D5}.Release|ARM32.Build.0 = Release|Any CPU
		{60D1C50F-9B05-422E-8F70-FFC1AD4AD0D5}.Release|x64.ActiveCfg = Release|x64
		{60D1C50F-9B05-422E-8F70-FFC1AD4AD0D5}.Release|x64.Build.0 = Release|x64
		{60D1C50F-9B05-422E-8F70-FFC1AD4AD0D5}.Rsharp_app_release|Any CPU.ActiveCfg = Release|Any CPU
		{60D1C50F-9B05-422E-8F70-FFC1AD4AD0D5}.Rsharp_app_release|Any CPU.Build.0 = Release|Any CPU
		{60D1C50F-9B05-422E-8F70-FFC1AD4AD0D5}.Rsharp_app_release|ARM32.ActiveCfg = Release|Any CPU
		{60D1C50F-9B05-422E-8F70-FFC1AD4AD0D5}.Rsharp_app_release|ARM32.Build.0 = Release|Any CPU
		{60D1C50F-9B05-422E-8F70-FFC1AD4AD0D5}.Rsharp_app_release|x64.ActiveCfg = Release|x64
		{60D1C50F-9B05-422E-8F70-FFC1AD4AD0D5}.Rsharp_app_release|x64.Build.0 = Release|x64
		{67EE0D0B-EE16-49A9-A77C-D19AD55D5159}.Debug|Any CPU.ActiveCfg = Debug|Any CPU
		{67EE0D0B-EE16-49A9-A77C-D19AD55D5159}.Debug|Any CPU.Build.0 = Debug|Any CPU
		{67EE0D0B-EE16-49A9-A77C-D19AD55D5159}.Debug|ARM32.ActiveCfg = Debug|ARM32
		{67EE0D0B-EE16-49A9-A77C-D19AD55D5159}.Debug|ARM32.Build.0 = Debug|ARM32
		{67EE0D0B-EE16-49A9-A77C-D19AD55D5159}.Debug|x64.ActiveCfg = Debug|x64
		{67EE0D0B-EE16-49A9-A77C-D19AD55D5159}.Debug|x64.Build.0 = Debug|x64
		{67EE0D0B-EE16-49A9-A77C-D19AD55D5159}.LipidSearch|Any CPU.ActiveCfg = Debug|Any CPU
		{67EE0D0B-EE16-49A9-A77C-D19AD55D5159}.LipidSearch|Any CPU.Build.0 = Debug|Any CPU
		{67EE0D0B-EE16-49A9-A77C-D19AD55D5159}.LipidSearch|ARM32.ActiveCfg = Debug|ARM32
		{67EE0D0B-EE16-49A9-A77C-D19AD55D5159}.LipidSearch|ARM32.Build.0 = Debug|ARM32
		{67EE0D0B-EE16-49A9-A77C-D19AD55D5159}.LipidSearch|x64.ActiveCfg = Debug|x64
		{67EE0D0B-EE16-49A9-A77C-D19AD55D5159}.LipidSearch|x64.Build.0 = Debug|x64
		{67EE0D0B-EE16-49A9-A77C-D19AD55D5159}.mzkit|Any CPU.ActiveCfg = Debug|Any CPU
		{67EE0D0B-EE16-49A9-A77C-D19AD55D5159}.mzkit|Any CPU.Build.0 = Debug|Any CPU
		{67EE0D0B-EE16-49A9-A77C-D19AD55D5159}.mzkit|ARM32.ActiveCfg = Debug|ARM32
		{67EE0D0B-EE16-49A9-A77C-D19AD55D5159}.mzkit|ARM32.Build.0 = Debug|ARM32
		{67EE0D0B-EE16-49A9-A77C-D19AD55D5159}.mzkit|x64.ActiveCfg = Debug|x64
		{67EE0D0B-EE16-49A9-A77C-D19AD55D5159}.mzkit|x64.Build.0 = Debug|x64
		{67EE0D0B-EE16-49A9-A77C-D19AD55D5159}.NPSearch|Any CPU.ActiveCfg = Debug|Any CPU
		{67EE0D0B-EE16-49A9-A77C-D19AD55D5159}.NPSearch|Any CPU.Build.0 = Debug|Any CPU
		{67EE0D0B-EE16-49A9-A77C-D19AD55D5159}.NPSearch|ARM32.ActiveCfg = Debug|ARM32
		{67EE0D0B-EE16-49A9-A77C-D19AD55D5159}.NPSearch|ARM32.Build.0 = Debug|ARM32
		{67EE0D0B-EE16-49A9-A77C-D19AD55D5159}.NPSearch|x64.ActiveCfg = Debug|x64
		{67EE0D0B-EE16-49A9-A77C-D19AD55D5159}.NPSearch|x64.Build.0 = Debug|x64
		{67EE0D0B-EE16-49A9-A77C-D19AD55D5159}.PlantMAT|Any CPU.ActiveCfg = Debug|Any CPU
		{67EE0D0B-EE16-49A9-A77C-D19AD55D5159}.PlantMAT|Any CPU.Build.0 = Debug|Any CPU
		{67EE0D0B-EE16-49A9-A77C-D19AD55D5159}.PlantMAT|ARM32.ActiveCfg = Debug|ARM32
		{67EE0D0B-EE16-49A9-A77C-D19AD55D5159}.PlantMAT|ARM32.Build.0 = Debug|ARM32
		{67EE0D0B-EE16-49A9-A77C-D19AD55D5159}.PlantMAT|x64.ActiveCfg = Debug|x64
		{67EE0D0B-EE16-49A9-A77C-D19AD55D5159}.PlantMAT|x64.Build.0 = Debug|x64
		{67EE0D0B-EE16-49A9-A77C-D19AD55D5159}.Release|Any CPU.ActiveCfg = Release|Any CPU
		{67EE0D0B-EE16-49A9-A77C-D19AD55D5159}.Release|Any CPU.Build.0 = Release|Any CPU
		{67EE0D0B-EE16-49A9-A77C-D19AD55D5159}.Release|ARM32.ActiveCfg = Release|ARM32
		{67EE0D0B-EE16-49A9-A77C-D19AD55D5159}.Release|ARM32.Build.0 = Release|ARM32
		{67EE0D0B-EE16-49A9-A77C-D19AD55D5159}.Release|x64.ActiveCfg = Release|x64
		{67EE0D0B-EE16-49A9-A77C-D19AD55D5159}.Release|x64.Build.0 = Release|x64
		{67EE0D0B-EE16-49A9-A77C-D19AD55D5159}.Rsharp_app_release|Any CPU.ActiveCfg = Release|Any CPU
		{67EE0D0B-EE16-49A9-A77C-D19AD55D5159}.Rsharp_app_release|Any CPU.Build.0 = Release|Any CPU
		{67EE0D0B-EE16-49A9-A77C-D19AD55D5159}.Rsharp_app_release|ARM32.ActiveCfg = Release|ARM32
		{67EE0D0B-EE16-49A9-A77C-D19AD55D5159}.Rsharp_app_release|ARM32.Build.0 = Release|ARM32
		{67EE0D0B-EE16-49A9-A77C-D19AD55D5159}.Rsharp_app_release|x64.ActiveCfg = Release|x64
		{67EE0D0B-EE16-49A9-A77C-D19AD55D5159}.Rsharp_app_release|x64.Build.0 = Release|x64
	EndGlobalSection
	GlobalSection(SolutionProperties) = preSolution
		HideSolutionNode = FALSE
	EndGlobalSection
	GlobalSection(NestedProjects) = preSolution
		{6A0B9D56-DC85-468B-A973-5C1D222353A2} = {F0E8FD29-2B11-4B2C-BB8E-042EDFF29CFB}
		{6D75BA86-B307-403F-A76E-44FF65F55E85} = {F0E8FD29-2B11-4B2C-BB8E-042EDFF29CFB}
	EndGlobalSection
	GlobalSection(ExtensibilityGlobals) = postSolution
		SolutionGuid = {C054F88E-9BCD-4C3A-9747-6AB2B81995FB}
	EndGlobalSection
EndGlobal
